// !$*UTF8*$!
{
	archiveVersion = 1;
	classes = {
	};
	objectVersion = 45;
	objects = {

/* Begin PBXBuildFile section */
		4AC0BAA9107BBD9600E69D9F /* SGGeohash.h in Headers */ = {isa = PBXBuildFile; fileRef = 4AC0BAA7107BBD9600E69D9F /* SGGeohash.h */; };
		4AC0BAAA107BBD9600E69D9F /* SGGeohash.c in Sources */ = {isa = PBXBuildFile; fileRef = 4AC0BAA8107BBD9600E69D9F /* SGGeohash.c */; };
		4AC0BAF6107BC02000E69D9F /* SGGeohashTest.c in Sources */ = {isa = PBXBuildFile; fileRef = 4AC0BAF4107BC02000E69D9F /* SGGeohashTest.c */; };
		4AC0BB51107BC3B100E69D9F /* SGGeohashTest.c in Sources */ = {isa = PBXBuildFile; fileRef = 4AC0BAF4107BC02000E69D9F /* SGGeohashTest.c */; };
		4AC0BB55107BC3BD00E69D9F /* liblibgeohash.a in Frameworks */ = {isa = PBXBuildFile; fileRef = D2AAC046055464E500DB518D /* liblibgeohash.a */; };
/* End PBXBuildFile section */

/* Begin PBXContainerItemProxy section */
		4AC0BB4F107BC39B00E69D9F /* PBXContainerItemProxy */ = {
			isa = PBXContainerItemProxy;
			containerPortal = 08FB7793FE84155DC02AAC07 /* Project object */;
			proxyType = 1;
			remoteGlobalIDString = D2AAC045055464E500DB518D;
			remoteInfo = libgeohash;
		};
/* End PBXContainerItemProxy section */

/* Begin PBXFileReference section */
		4AC0BAA7107BBD9600E69D9F /* SGGeohash.h */ = {isa = PBXFileReference; fileEncoding = 4; lastKnownFileType = sourcecode.c.h; path = SGGeohash.h; sourceTree = "<group>"; };
		4AC0BAA8107BBD9600E69D9F /* SGGeohash.c */ = {isa = PBXFileReference; fileEncoding = 4; lastKnownFileType = sourcecode.c.c; path = SGGeohash.c; sourceTree = "<group>"; };
		4AC0BAF4107BC02000E69D9F /* SGGeohashTest.c */ = {isa = PBXFileReference; fileEncoding = 4; lastKnownFileType = sourcecode.c.c; path = SGGeohashTest.c; sourceTree = "<group>"; };
		4AC0BB49107BC39700E69D9F /* SGGeohashTester.app */ = {isa = PBXFileReference; explicitFileType = wrapper.application; includeInIndex = 0; path = SGGeohashTester.app; sourceTree = BUILT_PRODUCTS_DIR; };
		4AC0BB4B107BC39700E69D9F /* SGGeohashTester-Info.plist */ = {isa = PBXFileReference; lastKnownFileType = text.plist.xml; path = "SGGeohashTester-Info.plist"; sourceTree = "<group>"; };
		D2AAC046055464E500DB518D /* liblibgeohash.a */ = {isa = PBXFileReference; explicitFileType = archive.ar; includeInIndex = 0; path = liblibgeohash.a; sourceTree = BUILT_PRODUCTS_DIR; };
/* End PBXFileReference section */

/* Begin PBXFrameworksBuildPhase section */
		4AC0BB47107BC39700E69D9F /* Frameworks */ = {
			isa = PBXFrameworksBuildPhase;
			buildActionMask = 2147483647;
			files = (
				4AC0BB55107BC3BD00E69D9F /* liblibgeohash.a in Frameworks */,
			);
			runOnlyForDeploymentPostprocessing = 0;
		};
		D289987405E68DCB004EDB86 /* Frameworks */ = {
			isa = PBXFrameworksBuildPhase;
			buildActionMask = 2147483647;
			files = (
			);
			runOnlyForDeploymentPostprocessing = 0;
		};
/* End PBXFrameworksBuildPhase section */

/* Begin PBXGroup section */
		08FB7794FE84155DC02AAC07 /* libgeohash */ = {
			isa = PBXGroup;
			children = (
				4AC0BAF1107BBFBD00E69D9F /* Tests */,
				08FB7795FE84155DC02AAC07 /* Source */,
				C6A0FF2B0290797F04C91782 /* Documentation */,
				1AB674ADFE9D54B511CA2CBB /* Products */,
				4AC0BB4B107BC39700E69D9F /* SGGeohashTester-Info.plist */,
			);
			name = libgeohash;
			sourceTree = "<group>";
		};
		08FB7795FE84155DC02AAC07 /* Source */ = {
			isa = PBXGroup;
			children = (
				4AC0BAA7107BBD9600E69D9F /* SGGeohash.h */,
				4AC0BAA8107BBD9600E69D9F /* SGGeohash.c */,
			);
			name = Source;
			sourceTree = "<group>";
		};
		1AB674ADFE9D54B511CA2CBB /* Products */ = {
			isa = PBXGroup;
			children = (
				D2AAC046055464E500DB518D /* liblibgeohash.a */,
				4AC0BB49107BC39700E69D9F /* SGGeohashTester.app */,
			);
			name = Products;
			sourceTree = "<group>";
		};
		4AC0BAF1107BBFBD00E69D9F /* Tests */ = {
			isa = PBXGroup;
			children = (
				4AC0BAF4107BC02000E69D9F /* SGGeohashTest.c */,
			);
			name = Tests;
			sourceTree = "<group>";
		};
		C6A0FF2B0290797F04C91782 /* Documentation */ = {
			isa = PBXGroup;
			children = (
			);
			name = Documentation;
			sourceTree = "<group>";
		};
/* End PBXGroup section */

/* Begin PBXHeadersBuildPhase section */
		D2AAC043055464E500DB518D /* Headers */ = {
			isa = PBXHeadersBuildPhase;
			buildActionMask = 2147483647;
			files = (
				4AC0BAA9107BBD9600E69D9F /* SGGeohash.h in Headers */,
			);
			runOnlyForDeploymentPostprocessing = 0;
		};
/* End PBXHeadersBuildPhase section */

/* Begin PBXNativeTarget section */
		4AC0BB48107BC39700E69D9F /* SGGeohashTester */ = {
			isa = PBXNativeTarget;
			buildConfigurationList = 4AC0BB4E107BC39700E69D9F /* Build configuration list for PBXNativeTarget "SGGeohashTester" */;
			buildPhases = (
				4AC0BB45107BC39700E69D9F /* Resources */,
				4AC0BB46107BC39700E69D9F /* Sources */,
				4AC0BB47107BC39700E69D9F /* Frameworks */,
			);
			buildRules = (
			);
			dependencies = (
				4AC0BB50107BC39B00E69D9F /* PBXTargetDependency */,
			);
			name = SGGeohashTester;
			productName = SGGeohashTester;
			productReference = 4AC0BB49107BC39700E69D9F /* SGGeohashTester.app */;
			productType = "com.apple.product-type.application";
		};
		D2AAC045055464E500DB518D /* libgeohash */ = {
			isa = PBXNativeTarget;
			buildConfigurationList = 1DEB91EB08733DB70010E9CD /* Build configuration list for PBXNativeTarget "libgeohash" */;
			buildPhases = (
				D2AAC043055464E500DB518D /* Headers */,
				D2AAC044055464E500DB518D /* Sources */,
				D289987405E68DCB004EDB86 /* Frameworks */,
			);
			buildRules = (
			);
			dependencies = (
			);
			name = libgeohash;
			productName = libgeohash;
			productReference = D2AAC046055464E500DB518D /* liblibgeohash.a */;
			productType = "com.apple.product-type.library.static";
		};
/* End PBXNativeTarget section */

/* Begin PBXProject section */
		08FB7793FE84155DC02AAC07 /* Project object */ = {
			isa = PBXProject;
			buildConfigurationList = 1DEB91EF08733DB70010E9CD /* Build configuration list for PBXProject "libgeohash" */;
			compatibilityVersion = "Xcode 3.1";
			hasScannedForEncodings = 1;
			mainGroup = 08FB7794FE84155DC02AAC07 /* libgeohash */;
			projectDirPath = "";
			projectRoot = "";
			targets = (
				D2AAC045055464E500DB518D /* libgeohash */,
				4AC0BB48107BC39700E69D9F /* SGGeohashTester */,
			);
		};
/* End PBXProject section */

/* Begin PBXResourcesBuildPhase section */
		4AC0BB45107BC39700E69D9F /* Resources */ = {
			isa = PBXResourcesBuildPhase;
			buildActionMask = 2147483647;
			files = (
			);
			runOnlyForDeploymentPostprocessing = 0;
		};
/* End PBXResourcesBuildPhase section */

/* Begin PBXSourcesBuildPhase section */
		4AC0BB46107BC39700E69D9F /* Sources */ = {
			isa = PBXSourcesBuildPhase;
			buildActionMask = 2147483647;
			files = (
				4AC0BB51107BC3B100E69D9F /* SGGeohashTest.c in Sources */,
			);
			runOnlyForDeploymentPostprocessing = 0;
		};
		D2AAC044055464E500DB518D /* Sources */ = {
			isa = PBXSourcesBuildPhase;
			buildActionMask = 2147483647;
			files = (
				4AC0BAAA107BBD9600E69D9F /* SGGeohash.c in Sources */,
				4AC0BAF6107BC02000E69D9F /* SGGeohashTest.c in Sources */,
			);
			runOnlyForDeploymentPostprocessing = 0;
		};
/* End PBXSourcesBuildPhase section */

/* Begin PBXTargetDependency section */
		4AC0BB50107BC39B00E69D9F /* PBXTargetDependency */ = {
			isa = PBXTargetDependency;
			target = D2AAC045055464E500DB518D /* libgeohash */;
			targetProxy = 4AC0BB4F107BC39B00E69D9F /* PBXContainerItemProxy */;
		};
/* End PBXTargetDependency section */

/* Begin XCBuildConfiguration section */
		1DEB91EC08733DB70010E9CD /* Debug */ = {
			isa = XCBuildConfiguration;
			buildSettings = {
				ALWAYS_SEARCH_USER_PATHS = NO;
				COPY_PHASE_STRIP = NO;
				GCC_DYNAMIC_NO_PIC = NO;
				GCC_ENABLE_FIX_AND_CONTINUE = YES;
				GCC_MODEL_TUNING = G5;
				GCC_OPTIMIZATION_LEVEL = 0;
				INSTALL_PATH = /usr/local/lib;
				PRODUCT_NAME = libgeohash;
			};
			name = Debug;
		};
		1DEB91ED08733DB70010E9CD /* Release */ = {
			isa = XCBuildConfiguration;
			buildSettings = {
				ALWAYS_SEARCH_USER_PATHS = NO;
				DEBUG_INFORMATION_FORMAT = "dwarf-with-dsym";
				GCC_MODEL_TUNING = G5;
				INSTALL_PATH = /usr/local/lib;
				PRODUCT_NAME = libgeohash;
			};
			name = Release;
		};
		1DEB91F008733DB70010E9CD /* Debug */ = {
			isa = XCBuildConfiguration;
			buildSettings = {
				ARCHS = "$(ARCHS_STANDARD_32_64_BIT)";
				GCC_C_LANGUAGE_STANDARD = gnu99;
				GCC_OPTIMIZATION_LEVEL = 0;
				GCC_WARN_ABOUT_RETURN_TYPE = YES;
				GCC_WARN_UNUSED_VARIABLE = YES;
				ONLY_ACTIVE_ARCH = YES;
				PREBINDING = NO;
				SDKROOT = macosx10.6;
			};
			name = Debug;
		};
		1DEB91F108733DB70010E9CD /* Release */ = {
			isa = XCBuildConfiguration;
			buildSettings = {
				ARCHS = "$(ARCHS_STANDARD_32_64_BIT)";
				GCC_C_LANGUAGE_STANDARD = gnu99;
				GCC_WARN_ABOUT_RETURN_TYPE = YES;
				GCC_WARN_UNUSED_VARIABLE = YES;
				PREBINDING = NO;
				SDKROOT = macosx10.6;
			};
			name = Release;
		};
		4AC0BB4C107BC39700E69D9F /* Debug */ = {
			isa = XCBuildConfiguration;
			buildSettings = {
				ALWAYS_SEARCH_USER_PATHS = NO;
				COPY_PHASE_STRIP = NO;
				GCC_DYNAMIC_NO_PIC = NO;
				GCC_ENABLE_FIX_AND_CONTINUE = YES;
				GCC_MODEL_TUNING = G5;
				GCC_OPTIMIZATION_LEVEL = 0;
				GCC_PRECOMPILE_PREFIX_HEADER = YES;
				INFOPLIST_FILE = "SGGeohashTester-Info.plist";
				INSTALL_PATH = "$(HOME)/Applications";
				OTHER_LDFLAGS = (
					"-framework",
					Foundation,
					"-framework",
					AppKit,
				);
				PREBINDING = NO;
				PRODUCT_NAME = SGGeohashTester;
			};
			name = Debug;
		};
		4AC0BB4D107BC39700E69D9F /* Release */ = {
			isa = XCBuildConfiguration;
			buildSettings = {
				ALWAYS_SEARCH_USER_PATHS = NO;
				COPY_PHASE_STRIP = YES;
				DEBUG_INFORMATION_FORMAT = "dwarf-with-dsym";
				GCC_ENABLE_FIX_AND_CONTINUE = NO;
				GCC_MODEL_TUNING = G5;
				GCC_PRECOMPILE_PREFIX_HEADER = YES;
				GCC_PREFIX_HEADER = "$(SYSTEM_LIBRARY_DIR)/Frameworks/AppKit.framework/Headers/AppKit.h";
				INFOPLIST_FILE = "SGGeohashTester-Info.plist";
				INSTALL_PATH = "$(HOME)/Applications";
				OTHER_LDFLAGS = (
					"-framework",
					Foundation,
					"-framework",
					AppKit,
				);
				PREBINDING = NO;
				PRODUCT_NAME = SGGeohashTester;
				ZERO_LINK = NO;
			};
			name = Release;
		};
/* End XCBuildConfiguration section */

/* Begin XCConfigurationList section */
		1DEB91EB08733DB70010E9CD /* Build configuration list for PBXNativeTarget "libgeohash" */ = {
			isa = XCConfigurationList;
			buildConfigurations = (
				1DEB91EC08733DB70010E9CD /* Debug */,
				1DEB91ED08733DB70010E9CD /* Release */,
			);
			defaultConfigurationIsVisible = 0;
			defaultConfigurationName = Release;
		};
		1DEB91EF08733DB70010E9CD /* Build configuration list for PBXProject "libgeohash" */ = {
			isa = XCConfigurationList;
			buildConfigurations = (
				1DEB91F008733DB70010E9CD /* Debug */,
				1DEB91F108733DB70010E9CD /* Release */,
			);
			defaultConfigurationIsVisible = 0;
			defaultConfigurationName = Release;
		};
		4AC0BB4E107BC39700E69D9F /* Build configuration list for PBXNativeTarget "SGGeohashTester" */ = {
			isa = XCConfigurationList;
			buildConfigurations = (
				4AC0BB4C107BC39700E69D9F /* Debug */,
				4AC0BB4D107BC39700E69D9F /* Release */,
			);
			defaultConfigurationIsVisible = 0;
			defaultConfigurationName = Release;
		};
/* End XCConfigurationList section */
	};
	rootObject = 08FB7793FE84155DC02AAC07 /* Project object */;
}
